
Microsoft Visual Studio Solution File, Format Version 12.00
# Visual Studio Version 16
VisualStudioVersion = 16.0.33423.256
MinimumVisualStudioVersion = 10.0.40219.1
Project("{FAE04EC0-301F-11D3-BF4B-00C04F79EFBC}") = "TrabajoPractico3", "TrabajoPractico3\TrabajoPractico3.csproj", "{0BA7F6F2-26CA-474D-8652-5799CA507D65}"
EndProject
Global
	GlobalSection(SolutionConfigurationPlatforms) = preSolution
		Debug|Any CPU = Debug|Any CPU
		Release|Any CPU = Release|Any CPU
	EndGlobalSection
	GlobalSection(ProjectConfigurationPlatforms) = postSolution
		{0BA7F6F2-26CA-474D-8652-5799CA507D65}.Debug|Any CPU.ActiveCfg = Debug|Any CPU
		{0BA7F6F2-26CA-474D-8652-5799CA507D65}.Debug|Any CPU.Build.0 = Debug|Any CPU
		{0BA7F6F2-26CA-474D-8652-5799CA507D65}.Release|Any CPU.ActiveCfg = Release|Any CPU
		{0BA7F6F2-26CA-474D-8652-5799CA507D65}.Release|Any CPU.Build.0 = Release|Any CPU
	EndGlobalSection
	GlobalSection(SolutionProperties) = preSolution
		HideSolutionNode = FALSE
	EndGlobalSection
	GlobalSection(ExtensibilityGlobals) = postSolution
		SolutionGuid = {0043F5BB-51CC-45C6-A8AF-7E18D805DA81}
	EndGlobalSection
EndGlobal
